
Microsoft Visual Studio Solution File, Format Version 12.00
# Visual Studio Version 16
VisualStudioVersion = 16.0.29411.108
MinimumVisualStudioVersion = 10.0.40219.1
Project("{8BC9CEB8-8B4A-11D0-8D11-00A0C91BC942}") = "lab8", "lab8\lab8.vcxproj", "{A6604F6F-077D-43EB-9B56-E24F5FF40954}"
EndProject
Global
	GlobalSection(SolutionConfigurationPlatforms) = preSolution
		Debug|x64 = Debug|x64
		Debug|x86 = Debug|x86
		Release|x64 = Release|x64
		Release|x86 = Release|x86
	EndGlobalSection
	GlobalSection(ProjectConfigurationPlatforms) = postSolution
		{A6604F6F-077D-43EB-9B56-E24F5FF40954}.Debug|x64.ActiveCfg = Debug|x64
		{A6604F6F-077D-43EB-9B56-E24F5FF40954}.Debug|x64.Build.0 = Debug|x64
		{A6604F6F-077D-43EB-9B56-E24F5FF40954}.Debug|x86.ActiveCfg = Debug|Win32
		{A6604F6F-077D-43EB-9B56-E24F5FF40954}.Debug|x86.Build.0 = Debug|Win32
		{A6604F6F-077D-43EB-9B56-E24F5FF40954}.Release|x64.ActiveCfg = Release|x64
		{A6604F6F-077D-43EB-9B56-E24F5FF40954}.Release|x64.Build.0 = Release|x64
		{A6604F6F-077D-43EB-9B56-E24F5FF40954}.Release|x86.ActiveCfg = Release|Win32
		{A6604F6F-077D-43EB-9B56-E24F5FF40954}.Release|x86.Build.0 = Release|Win32
	EndGlobalSection
	GlobalSection(SolutionProperties) = preSolution
		HideSolutionNode = FALSE
	EndGlobalSection
	GlobalSection(ExtensibilityGlobals) = postSolution
		SolutionGuid = {15D25A56-C2EF-40BE-9B31-70C85C7F1E5F}
	EndGlobalSection
EndGlobal
